
Microsoft Visual Studio Solution File, Format Version 12.00
# Visual Studio 15
VisualStudioVersion = 15.0.27428.2027
MinimumVisualStudioVersion = 10.0.40219.1
Project("{FAE04EC0-301F-11D3-BF4B-00C04F79EFBC}") = "Memory", "Memory\Memory.csproj", "{DD45A929-0EE1-42DF-BF53-3EA21B515547}"
EndProject
Global
	GlobalSection(SolutionConfigurationPlatforms) = preSolution
		Debug|Any CPU = Debug|Any CPU
		Release|Any CPU = Release|Any CPU
	EndGlobalSection
	GlobalSection(ProjectConfigurationPlatforms) = postSolution
		{DD45A929-0EE1-42DF-BF53-3EA21B515547}.Debug|Any CPU.ActiveCfg = Debug|Any CPU
		{DD45A929-0EE1-42DF-BF53-3EA21B515547}.Debug|Any CPU.Build.0 = Debug|Any CPU
		{DD45A929-0EE1-42DF-BF53-3EA21B515547}.Release|Any CPU.ActiveCfg = Release|Any CPU
		{DD45A929-0EE1-42DF-BF53-3EA21B515547}.Release|Any CPU.Build.0 = Release|Any CPU
	EndGlobalSection
	GlobalSection(SolutionProperties) = preSolution
		HideSolutionNode = FALSE
	EndGlobalSection
	GlobalSection(ExtensibilityGlobals) = postSolution
		SolutionGuid = {6F7B7CA4-A79E-4A25-9EF3-78EE92C868E7}
	EndGlobalSection
EndGlobal
